
Microsoft Visual Studio Solution File, Format Version 12.00
# Visual Studio Version 17
VisualStudioVersion = 17.11.35327.3
MinimumVisualStudioVersion = 10.0.40219.1
Project("{F184B08F-C81C-45F6-A57F-5ABD9991F28F}") = "demo_sql_crud", "demo_sql_crud\demo_sql_crud.vbproj", "{B456E2F7-B130-494C-8831-AFC0A41AA656}"
EndProject
Global
	GlobalSection(SolutionConfigurationPlatforms) = preSolution
		Debug|Any CPU = Debug|Any CPU
		Release|Any CPU = Release|Any CPU
	EndGlobalSection
	GlobalSection(ProjectConfigurationPlatforms) = postSolution
		{B456E2F7-B130-494C-8831-AFC0A41AA656}.Debug|Any CPU.ActiveCfg = Debug|Any CPU
		{B456E2F7-B130-494C-8831-AFC0A41AA656}.Debug|Any CPU.Build.0 = Debug|Any CPU
		{B456E2F7-B130-494C-8831-AFC0A41AA656}.Release|Any CPU.ActiveCfg = Release|Any CPU
		{B456E2F7-B130-494C-8831-AFC0A41AA656}.Release|Any CPU.Build.0 = Release|Any CPU
	EndGlobalSection
	GlobalSection(SolutionProperties) = preSolution
		HideSolutionNode = FALSE
	EndGlobalSection
	GlobalSection(ExtensibilityGlobals) = postSolution
		SolutionGuid = {C40CF95C-DEEC-4C57-9060-4A7989E3CA13}
	EndGlobalSection
EndGlobal
